
Microsoft Visual Studio Solution File, Format Version 12.00
# Visual Studio Version 16
VisualStudioVersion = 16.0.30804.86
MinimumVisualStudioVersion = 10.0.40219.1
Project("{FAE04EC0-301F-11D3-BF4B-00C04F79EFBC}") = "AdventureWorks", "AdventureWorks\AdventureWorks.csproj", "{9DA51BB1-E71A-4EAC-9514-17CF6AD8685C}"
EndProject
Global
	GlobalSection(SolutionConfigurationPlatforms) = preSolution
		Debug|Any CPU = Debug|Any CPU
		Release|Any CPU = Release|Any CPU
	EndGlobalSection
	GlobalSection(ProjectConfigurationPlatforms) = postSolution
		{9DA51BB1-E71A-4EAC-9514-17CF6AD8685C}.Debug|Any CPU.ActiveCfg = Debug|Any CPU
		{9DA51BB1-E71A-4EAC-9514-17CF6AD8685C}.Debug|Any CPU.Build.0 = Debug|Any CPU
		{9DA51BB1-E71A-4EAC-9514-17CF6AD8685C}.Release|Any CPU.ActiveCfg = Release|Any CPU
		{9DA51BB1-E71A-4EAC-9514-17CF6AD8685C}.Release|Any CPU.Build.0 = Release|Any CPU
	EndGlobalSection
	GlobalSection(SolutionProperties) = preSolution
		HideSolutionNode = FALSE
	EndGlobalSection
	GlobalSection(ExtensibilityGlobals) = postSolution
		SolutionGuid = {85C003BB-FE08-4D6E-AA63-249D2CB7048C}
	EndGlobalSection
EndGlobal
